// !$*UTF8*$!
{
	archiveVersion = 1;
	classes = {
	};
	objectVersion = 46;
	objects = {

/* Begin PBXBuildFile section */
		CB64D9281ED6449100EBCDF3 /* AppDelegate.swift in Sources */ = {isa = PBXBuildFile; fileRef = CB64D9271ED6449100EBCDF3 /* AppDelegate.swift */; };
		CB64D92A1ED6449100EBCDF3 /* ViewController.swift in Sources */ = {isa = PBXBuildFile; fileRef = CB64D9291ED6449100EBCDF3 /* ViewController.swift */; };
		CB64D92D1ED6449100EBCDF3 /* Main.storyboard in Resources */ = {isa = PBXBuildFile; fileRef = CB64D92B1ED6449100EBCDF3 /* Main.storyboard */; };
		CB64D92F1ED6449100EBCDF3 /* Assets.xcassets in Resources */ = {isa = PBXBuildFile; fileRef = CB64D92E1ED6449100EBCDF3 /* Assets.xcassets */; };
		CB64D9321ED6449100EBCDF3 /* LaunchScreen.storyboard in Resources */ = {isa = PBXBuildFile; fileRef = CB64D9301ED6449100EBCDF3 /* LaunchScreen.storyboard */; };
		CB64D93D1ED6449100EBCDF3 /* FifthTestAppTests.swift in Sources */ = {isa = PBXBuildFile; fileRef = CB64D93C1ED6449100EBCDF3 /* FifthTestAppTests.swift */; };
		CB64D9481ED6449100EBCDF3 /* FifthTestAppUITests.swift in Sources */ = {isa = PBXBuildFile; fileRef = CB64D9471ED6449100EBCDF3 /* FifthTestAppUITests.swift */; };
/* End PBXBuildFile section */

/* Begin PBXContainerItemProxy section */
		CB64D9391ED6449100EBCDF3 /* PBXContainerItemProxy */ = {
			isa = PBXContainerItemProxy;
			containerPortal = CB64D91C1ED6449100EBCDF3 /* Project object */;
			proxyType = 1;
			remoteGlobalIDString = CB64D9231ED6449100EBCDF3;
			remoteInfo = FifthTestApp;
		};
		CB64D9441ED6449100EBCDF3 /* PBXContainerItemProxy */ = {
			isa = PBXContainerItemProxy;
			containerPortal = CB64D91C1ED6449100EBCDF3 /* Project object */;
			proxyType = 1;
			remoteGlobalIDString = CB64D9231ED6449100EBCDF3;
			remoteInfo = FifthTestApp;
		};
/* End PBXContainerItemProxy section */

/* Begin PBXFileReference section */
		CB64D9241ED6449100EBCDF3 /* FifthTestApp.app */ = {isa = PBXFileReference; explicitFileType = wrapper.application; includeInIndex = 0; path = FifthTestApp.app; sourceTree = BUILT_PRODUCTS_DIR; };
		CB64D9271ED6449100EBCDF3 /* AppDelegate.swift */ = {isa = PBXFileReference; lastKnownFileType = sourcecode.swift; path = AppDelegate.swift; sourceTree = "<group>"; };
		CB64D9291ED6449100EBCDF3 /* ViewController.swift */ = {isa = PBXFileReference; lastKnownFileType = sourcecode.swift; path = ViewController.swift; sourceTree = "<group>"; };
		CB64D92C1ED6449100EBCDF3 /* Base */ = {isa = PBXFileReference; lastKnownFileType = file.storyboard; name = Base; path = Base.lproj/Main.storyboard; sourceTree = "<group>"; };
		CB64D92E1ED6449100EBCDF3 /* Assets.xcassets */ = {isa = PBXFileReference; lastKnownFileType = folder.assetcatalog; path = Assets.xcassets; sourceTree = "<group>"; };
		CB64D9311ED6449100EBCDF3 /* Base */ = {isa = PBXFileReference; lastKnownFileType = file.storyboard; name = Base; path = Base.lproj/LaunchScreen.storyboard; sourceTree = "<group>"; };
		CB64D9331ED6449100EBCDF3 /* Info.plist */ = {isa = PBXFileReference; lastKnownFileType = text.plist.xml; path = Info.plist; sourceTree = "<group>"; };
		CB64D9381ED6449100EBCDF3 /* FifthTestAppTests.xctest */ = {isa = PBXFileReference; explicitFileType = wrapper.cfbundle; includeInIndex = 0; path = FifthTestAppTests.xctest; sourceTree = BUILT_PRODUCTS_DIR; };
		CB64D93C1ED6449100EBCDF3 /* FifthTestAppTests.swift */ = {isa = PBXFileReference; lastKnownFileType = sourcecode.swift; path = FifthTestAppTests.swift; sourceTree = "<group>"; };
		CB64D93E1ED6449100EBCDF3 /* Info.plist */ = {isa = PBXFileReference; lastKnownFileType = text.plist.xml; path = Info.plist; sourceTree = "<group>"; };
		CB64D9431ED6449100EBCDF3 /* FifthTestAppUITests.xctest */ = {isa = PBXFileReference; explicitFileType = wrapper.cfbundle; includeInIndex = 0; path = FifthTestAppUITests.xctest; sourceTree = BUILT_PRODUCTS_DIR; };
		CB64D9471ED6449100EBCDF3 /* FifthTestAppUITests.swift */ = {isa = PBXFileReference; lastKnownFileType = sourcecode.swift; path = FifthTestAppUITests.swift; sourceTree = "<group>"; };
		CB64D9491ED6449100EBCDF3 /* Info.plist */ = {isa = PBXFileReference; lastKnownFileType = text.plist.xml; path = Info.plist; sourceTree = "<group>"; };
/* End PBXFileReference section */

/* Begin PBXFrameworksBuildPhase section */
		CB64D9211ED6449100EBCDF3 /* Frameworks */ = {
			isa = PBXFrameworksBuildPhase;
			buildActionMask = 2147483647;
			files = (
			);
			runOnlyForDeploymentPostprocessing = 0;
		};
		CB64D9351ED6449100EBCDF3 /* Frameworks */ = {
			isa = PBXFrameworksBuildPhase;
			buildActionMask = 2147483647;
			files = (
			);
			runOnlyForDeploymentPostprocessing = 0;
		};
		CB64D9401ED6449100EBCDF3 /* Frameworks */ = {
			isa = PBXFrameworksBuildPhase;
			buildActionMask = 2147483647;
			files = (
			);
			runOnlyForDeploymentPostprocessing = 0;
		};
/* End PBXFrameworksBuildPhase section */

/* Begin PBXGroup section */
		CB64D91B1ED6449100EBCDF3 = {
			isa = PBXGroup;
			children = (
				CB64D9261ED6449100EBCDF3 /* FifthTestApp */,
				CB64D93B1ED6449100EBCDF3 /* FifthTestAppTests */,
				CB64D9461ED6449100EBCDF3 /* FifthTestAppUITests */,
				CB64D9251ED6449100EBCDF3 /* Products */,
			);
			sourceTree = "<group>";
		};
		CB64D9251ED6449100EBCDF3 /* Products */ = {
			isa = PBXGroup;
			children = (
				CB64D9241ED6449100EBCDF3 /* FifthTestApp.app */,
				CB64D9381ED6449100EBCDF3 /* FifthTestAppTests.xctest */,
				CB64D9431ED6449100EBCDF3 /* FifthTestAppUITests.xctest */,
			);
			name = Products;
			sourceTree = "<group>";
		};
		CB64D9261ED6449100EBCDF3 /* FifthTestApp */ = {
			isa = PBXGroup;
			children = (
				CB64D9271ED6449100EBCDF3 /* AppDelegate.swift */,
				CB64D9291ED6449100EBCDF3 /* ViewController.swift */,
				CB64D92B1ED6449100EBCDF3 /* Main.storyboard */,
				CB64D92E1ED6449100EBCDF3 /* Assets.xcassets */,
				CB64D9301ED6449100EBCDF3 /* LaunchScreen.storyboard */,
				CB64D9331ED6449100EBCDF3 /* Info.plist */,
			);
			path = FifthTestApp;
			sourceTree = "<group>";
		};
		CB64D93B1ED6449100EBCDF3 /* FifthTestAppTests */ = {
			isa = PBXGroup;
			children = (
				CB64D93C1ED6449100EBCDF3 /* FifthTestAppTests.swift */,
				CB64D93E1ED6449100EBCDF3 /* Info.plist */,
			);
			path = FifthTestAppTests;
			sourceTree = "<group>";
		};
		CB64D9461ED6449100EBCDF3 /* FifthTestAppUITests */ = {
			isa = PBXGroup;
			children = (
				CB64D9471ED6449100EBCDF3 /* FifthTestAppUITests.swift */,
				CB64D9491ED6449100EBCDF3 /* Info.plist */,
			);
			path = FifthTestAppUITests;
			sourceTree = "<group>";
		};
/* End PBXGroup section */

/* Begin PBXNativeTarget section */
		CB64D9231ED6449100EBCDF3 /* FifthTestApp */ = {
			isa = PBXNativeTarget;
			buildConfigurationList = CB64D94C1ED6449100EBCDF3 /* Build configuration list for PBXNativeTarget "FifthTestApp" */;
			buildPhases = (
				CB64D9201ED6449100EBCDF3 /* Sources */,
				CB64D9211ED6449100EBCDF3 /* Frameworks */,
				CB64D9221ED6449100EBCDF3 /* Resources */,
			);
			buildRules = (
			);
			dependencies = (
			);
			name = FifthTestApp;
			productName = FifthTestApp;
			productReference = CB64D9241ED6449100EBCDF3 /* FifthTestApp.app */;
			productType = "com.apple.product-type.application";
		};
		CB64D9371ED6449100EBCDF3 /* FifthTestAppTests */ = {
			isa = PBXNativeTarget;
			buildConfigurationList = CB64D94F1ED6449100EBCDF3 /* Build configuration list for PBXNativeTarget "FifthTestAppTests" */;
			buildPhases = (
				CB64D9341ED6449100EBCDF3 /* Sources */,
				CB64D9351ED6449100EBCDF3 /* Frameworks */,
				CB64D9361ED6449100EBCDF3 /* Resources */,
			);
			buildRules = (
			);
			dependencies = (
				CB64D93A1ED6449100EBCDF3 /* PBXTargetDependency */,
			);
			name = FifthTestAppTests;
			productName = FifthTestAppTests;
			productReference = CB64D9381ED6449100EBCDF3 /* FifthTestAppTests.xctest */;
			productType = "com.apple.product-type.bundle.unit-test";
		};
		CB64D9421ED6449100EBCDF3 /* FifthTestAppUITests */ = {
			isa = PBXNativeTarget;
			buildConfigurationList = CB64D9521ED6449100EBCDF3 /* Build configuration list for PBXNativeTarget "FifthTestAppUITests" */;
			buildPhases = (
				CB64D93F1ED6449100EBCDF3 /* Sources */,
				CB64D9401ED6449100EBCDF3 /* Frameworks */,
				CB64D9411ED6449100EBCDF3 /* Resources */,
			);
			buildRules = (
			);
			dependencies = (
				CB64D9451ED6449100EBCDF3 /* PBXTargetDependency */,
			);
			name = FifthTestAppUITests;
			productName = FifthTestAppUITests;
			productReference = CB64D9431ED6449100EBCDF3 /* FifthTestAppUITests.xctest */;
			productType = "com.apple.product-type.bundle.ui-testing";
		};
/* End PBXNativeTarget section */

/* Begin PBXProject section */
		CB64D91C1ED6449100EBCDF3 /* Project object */ = {
			isa = PBXProject;
			attributes = {
				LastSwiftUpdateCheck = 0830;
				LastUpgradeCheck = 0830;
				ORGANIZATIONNAME = PracticeApps;
				TargetAttributes = {
					CB64D9231ED6449100EBCDF3 = {
						CreatedOnToolsVersion = 8.3.2;
						ProvisioningStyle = Automatic;
					};
					CB64D9371ED6449100EBCDF3 = {
						CreatedOnToolsVersion = 8.3.2;
						ProvisioningStyle = Automatic;
						TestTargetID = CB64D9231ED6449100EBCDF3;
					};
					CB64D9421ED6449100EBCDF3 = {
						CreatedOnToolsVersion = 8.3.2;
						ProvisioningStyle = Automatic;
						TestTargetID = CB64D9231ED6449100EBCDF3;
					};
				};
			};
			buildConfigurationList = CB64D91F1ED6449100EBCDF3 /* Build configuration list for PBXProject "FifthTestApp" */;
			compatibilityVersion = "Xcode 3.2";
			developmentRegion = English;
			hasScannedForEncodings = 0;
			knownRegions = (
				en,
				Base,
			);
			mainGroup = CB64D91B1ED6449100EBCDF3;
			productRefGroup = CB64D9251ED6449100EBCDF3 /* Products */;
			projectDirPath = "";
			projectRoot = "";
			targets = (
				CB64D9231ED6449100EBCDF3 /* FifthTestApp */,
				CB64D9371ED6449100EBCDF3 /* FifthTestAppTests */,
				CB64D9421ED6449100EBCDF3 /* FifthTestAppUITests */,
			);
		};
/* End PBXProject section */

/* Begin PBXResourcesBuildPhase section */
		CB64D9221ED6449100EBCDF3 /* Resources */ = {
			isa = PBXResourcesBuildPhase;
			buildActionMask = 2147483647;
			files = (
				CB64D9321ED6449100EBCDF3 /* LaunchScreen.storyboard in Resources */,
				CB64D92F1ED6449100EBCDF3 /* Assets.xcassets in Resources */,
				CB64D92D1ED6449100EBCDF3 /* Main.storyboard in Resources */,
			);
			runOnlyForDeploymentPostprocessing = 0;
		};
		CB64D9361ED6449100EBCDF3 /* Resources */ = {
			isa = PBXResourcesBuildPhase;
			buildActionMask = 2147483647;
			files = (
			);
			runOnlyForDeploymentPostprocessing = 0;
		};
		CB64D9411ED6449100EBCDF3 /* Resources */ = {
			isa = PBXResourcesBuildPhase;
			buildActionMask = 2147483647;
			files = (
			);
			runOnlyForDeploymentPostprocessing = 0;
		};
/* End PBXResourcesBuildPhase section */

/* Begin PBXSourcesBuildPhase section */
		CB64D9201ED6449100EBCDF3 /* Sources */ = {
			isa = PBXSourcesBuildPhase;
			buildActionMask = 2147483647;
			files = (
				CB64D92A1ED6449100EBCDF3 /* ViewController.swift in Sources */,
				CB64D9281ED6449100EBCDF3 /* AppDelegate.swift in Sources */,
			);
			runOnlyForDeploymentPostprocessing = 0;
		};
		CB64D9341ED6449100EBCDF3 /* Sources */ = {
			isa = PBXSourcesBuildPhase;
			buildActionMask = 2147483647;
			files = (
				CB64D93D1ED6449100EBCDF3 /* FifthTestAppTests.swift in Sources */,
			);
			runOnlyForDeploymentPostprocessing = 0;
		};
		CB64D93F1ED6449100EBCDF3 /* Sources */ = {
			isa = PBXSourcesBuildPhase;
			buildActionMask = 2147483647;
			files = (
				CB64D9481ED6449100EBCDF3 /* FifthTestAppUITests.swift in Sources */,
			);
			runOnlyForDeploymentPostprocessing = 0;
		};
/* End PBXSourcesBuildPhase section */

/* Begin PBXTargetDependency section */
		CB64D93A1ED6449100EBCDF3 /* PBXTargetDependency */ = {
			isa = PBXTargetDependency;
			target = CB64D9231ED6449100EBCDF3 /* FifthTestApp */;
			targetProxy = CB64D9391ED6449100EBCDF3 /* PBXContainerItemProxy */;
		};
		CB64D9451ED6449100EBCDF3 /* PBXTargetDependency */ = {
			isa = PBXTargetDependency;
			target = CB64D9231ED6449100EBCDF3 /* FifthTestApp */;
			targetProxy = CB64D9441ED6449100EBCDF3 /* PBXContainerItemProxy */;
		};
/* End PBXTargetDependency section */

/* Begin PBXVariantGroup section */
		CB64D92B1ED6449100EBCDF3 /* Main.storyboard */ = {
			isa = PBXVariantGroup;
			children = (
				CB64D92C1ED6449100EBCDF3 /* Base */,
			);
			name = Main.storyboard;
			sourceTree = "<group>";
		};
		CB64D9301ED6449100EBCDF3 /* LaunchScreen.storyboard */ = {
			isa = PBXVariantGroup;
			children = (
				CB64D9311ED6449100EBCDF3 /* Base */,
			);
			name = LaunchScreen.storyboard;
			sourceTree = "<group>";
		};
/* End PBXVariantGroup section */

/* Begin XCBuildConfiguration section */
		CB64D94A1ED6449100EBCDF3 /* Debug */ = {
			isa = XCBuildConfiguration;
			buildSettings = {
				ALWAYS_SEARCH_USER_PATHS = NO;
				CLANG_ANALYZER_NONNULL = YES;
				CLANG_ANALYZER_NUMBER_OBJECT_CONVERSION = YES_AGGRESSIVE;
				CLANG_CXX_LANGUAGE_STANDARD = "gnu++0x";
				CLANG_CXX_LIBRARY = "libc++";
				CLANG_ENABLE_MODULES = YES;
				CLANG_ENABLE_OBJC_ARC = YES;
				CLANG_WARN_BOOL_CONVERSION = YES;
				CLANG_WARN_CONSTANT_CONVERSION = YES;
				CLANG_WARN_DIRECT_OBJC_ISA_USAGE = YES_ERROR;
				CLANG_WARN_DOCUMENTATION_COMMENTS = YES;
				CLANG_WARN_EMPTY_BODY = YES;
				CLANG_WARN_ENUM_CONVERSION = YES;
				CLANG_WARN_INFINITE_RECURSION = YES;
				CLANG_WARN_INT_CONVERSION = YES;
				CLANG_WARN_OBJC_ROOT_CLASS = YES_ERROR;
				CLANG_WARN_SUSPICIOUS_MOVE = YES;
				CLANG_WARN_UNREACHABLE_CODE = YES;
				CLANG_WARN__DUPLICATE_METHOD_MATCH = YES;
				"CODE_SIGN_IDENTITY[sdk=iphoneos*]" = "iPhone Developer";
				COPY_PHASE_STRIP = NO;
				DEBUG_INFORMATION_FORMAT = dwarf;
				ENABLE_STRICT_OBJC_MSGSEND = YES;
				ENABLE_TESTABILITY = YES;
				GCC_C_LANGUAGE_STANDARD = gnu99;
				GCC_DYNAMIC_NO_PIC = NO;
				GCC_NO_COMMON_BLOCKS = YES;
				GCC_OPTIMIZATION_LEVEL = 0;
				GCC_PREPROCESSOR_DEFINITIONS = (
					"DEBUG=1",
					"$(inherited)",
				);
				GCC_WARN_64_TO_32_BIT_CONVERSION = YES;
				GCC_WARN_ABOUT_RETURN_TYPE = YES_ERROR;
				GCC_WARN_UNDECLARED_SELECTOR = YES;
				GCC_WARN_UNINITIALIZED_AUTOS = YES_AGGRESSIVE;
				GCC_WARN_UNUSED_FUNCTION = YES;
				GCC_WARN_UNUSED_VARIABLE = YES;
				IPHONEOS_DEPLOYMENT_TARGET = 10.3;
				MTL_ENABLE_DEBUG_INFO = YES;
				ONLY_ACTIVE_ARCH = YES;
				SDKROOT = iphoneos;
				SWIFT_ACTIVE_COMPILATION_CONDITIONS = DEBUG;
				SWIFT_OPTIMIZATION_LEVEL = "-Onone";
				TARGETED_DEVICE_FAMILY = "1,2";
			};
			name = Debug;
		};
		CB64D94B1ED6449100EBCDF3 /* Release */ = {
			isa = XCBuildConfiguration;
			buildSettings = {
				ALWAYS_SEARCH_USER_PATHS = NO;
				CLANG_ANALYZER_NONNULL = YES;
				CLANG_ANALYZER_NUMBER_OBJECT_CONVERSION = YES_AGGRESSIVE;
				CLANG_CXX_LANGUAGE_STANDARD = "gnu++0x";
				CLANG_CXX_LIBRARY = "libc++";
				CLANG_ENABLE_MODULES = YES;
				CLANG_ENABLE_OBJC_ARC = YES;
				CLANG_WARN_BOOL_CONVERSION = YES;
				CLANG_WARN_CONSTANT_CONVERSION = YES;
				CLANG_WARN_DIRECT_OBJC_ISA_USAGE = YES_ERROR;
				CLANG_WARN_DOCUMENTATION_COMMENTS = YES;
				CLANG_WARN_EMPTY_BODY = YES;
				CLANG_WARN_ENUM_CONVERSION = YES;
				CLANG_WARN_INFINITE_RECURSION = YES;
				CLANG_WARN_INT_CONVERSION = YES;
				CLANG_WARN_OBJC_ROOT_CLASS = YES_ERROR;
				CLANG_WARN_SUSPICIOUS_MOVE = YES;
				CLANG_WARN_UNREACHABLE_CODE = YES;
				CLANG_WARN__DUPLICATE_METHOD_MATCH = YES;
				"CODE_SIGN_IDENTITY[sdk=iphoneos*]" = "iPhone Developer";
				COPY_PHASE_STRIP = NO;
				DEBUG_INFORMATION_FORMAT = "dwarf-with-dsym";
				ENABLE_NS_ASSERTIONS = NO;
				ENABLE_STRICT_OBJC_MSGSEND = YES;
				GCC_C_LANGUAGE_STANDARD = gnu99;
				GCC_NO_COMMON_BLOCKS = YES;
				GCC_WARN_64_TO_32_BIT_CONVERSION = YES;
				GCC_WARN_ABOUT_RETURN_TYPE = YES_ERROR;
				GCC_WARN_UNDECLARED_SELECTOR = YES;
				GCC_WARN_UNINITIALIZED_AUTOS = YES_AGGRESSIVE;
				GCC_WARN_UNUSED_FUNCTION = YES;
				GCC_WARN_UNUSED_VARIABLE = YES;
				IPHONEOS_DEPLOYMENT_TARGET = 10.3;
				MTL_ENABLE_DEBUG_INFO = NO;
				SDKROOT = iphoneos;
				SWIFT_OPTIMIZATION_LEVEL = "-Owholemodule";
				TARGETED_DEVICE_FAMILY = "1,2";
				VALIDATE_PRODUCT = YES;
			};
			name = Release;
		};
		CB64D94D1ED6449100EBCDF3 /* Debug */ = {
			isa = XCBuildConfiguration;
			buildSettings = {
				ASSETCATALOG_COMPILER_APPICON_NAME = AppIcon;
				INFOPLIST_FILE = FifthTestApp/Info.plist;
				LD_RUNPATH_SEARCH_PATHS = "$(inherited) @executable_path/Frameworks";
				PRODUCT_BUNDLE_IDENTIFIER = com.practiceapps.FifthTestApp;
				PRODUCT_NAME = "$(TARGET_NAME)";
				SWIFT_VERSION = 3.0;
			};
			name = Debug;
		};
		CB64D94E1ED6449100EBCDF3 /* Release */ = {
			isa = XCBuildConfiguration;
			buildSettings = {
				ASSETCATALOG_COMPILER_APPICON_NAME = AppIcon;
				INFOPLIST_FILE = FifthTestApp/Info.plist;
				LD_RUNPATH_SEARCH_PATHS = "$(inherited) @executable_path/Frameworks";
				PRODUCT_BUNDLE_IDENTIFIER = com.practiceapps.FifthTestApp;
				PRODUCT_NAME = "$(TARGET_NAME)";
				SWIFT_VERSION = 3.0;
			};
			name = Release;
		};
		CB64D9501ED6449100EBCDF3 /* Debug */ = {
			isa = XCBuildConfiguration;
			buildSettings = {
				ALWAYS_EMBED_SWIFT_STANDARD_LIBRARIES = YES;
				BUNDLE_LOADER = "$(TEST_HOST)";
				INFOPLIST_FILE = FifthTestAppTests/Info.plist;
				LD_RUNPATH_SEARCH_PATHS = "$(inherited) @executable_path/Frameworks @loader_path/Frameworks";
				PRODUCT_BUNDLE_IDENTIFIER = com.practiceapps.FifthTestAppTests;
				PRODUCT_NAME = "$(TARGET_NAME)";
				SWIFT_VERSION = 3.0;
				TEST_HOST = "$(BUILT_PRODUCTS_DIR)/FifthTestApp.app/FifthTestApp";
			};
			name = Debug;
		};
		CB64D9511ED6449100EBCDF3 /* Release */ = {
			isa = XCBuildConfiguration;
			buildSettings = {
				ALWAYS_EMBED_SWIFT_STANDARD_LIBRARIES = YES;
				BUNDLE_LOADER = "$(TEST_HOST)";
				INFOPLIST_FILE = FifthTestAppTests/Info.plist;
				LD_RUNPATH_SEARCH_PATHS = "$(inherited) @executable_path/Frameworks @loader_path/Frameworks";
				PRODUCT_BUNDLE_IDENTIFIER = com.practiceapps.FifthTestAppTests;
				PRODUCT_NAME = "$(TARGET_NAME)";
				SWIFT_VERSION = 3.0;
				TEST_HOST = "$(BUILT_PRODUCTS_DIR)/FifthTestApp.app/FifthTestApp";
			};
			name = Release;
		};
		CB64D9531ED6449100EBCDF3 /* Debug */ = {
			isa = XCBuildConfiguration;
			buildSettings = {
				ALWAYS_EMBED_SWIFT_STANDARD_LIBRARIES = YES;
				INFOPLIST_FILE = FifthTestAppUITests/Info.plist;
				LD_RUNPATH_SEARCH_PATHS = "$(inherited) @executable_path/Frameworks @loader_path/Frameworks";
				PRODUCT_BUNDLE_IDENTIFIER = com.practiceapps.FifthTestAppUITests;
				PRODUCT_NAME = "$(TARGET_NAME)";
				SWIFT_VERSION = 3.0;
				TEST_TARGET_NAME = FifthTestApp;
			};
			name = Debug;
		};
		CB64D9541ED6449100EBCDF3 /* Release */ = {
			isa = XCBuildConfiguration;
			buildSettings = {
				ALWAYS_EMBED_SWIFT_STANDARD_LIBRARIES = YES;
				INFOPLIST_FILE = FifthTestAppUITests/Info.plist;
				LD_RUNPATH_SEARCH_PATHS = "$(inherited) @executable_path/Frameworks @loader_path/Frameworks";
				PRODUCT_BUNDLE_IDENTIFIER = com.practiceapps.FifthTestAppUITests;
				PRODUCT_NAME = "$(TARGET_NAME)";
				SWIFT_VERSION = 3.0;
				TEST_TARGET_NAME = FifthTestApp;
			};
			name = Release;
		};
/* End XCBuildConfiguration section */

/* Begin XCConfigurationList section */
		CB64D91F1ED6449100EBCDF3 /* Build configuration list for PBXProject "FifthTestApp" */ = {
			isa = XCConfigurationList;
			buildConfigurations = (
				CB64D94A1ED6449100EBCDF3 /* Debug */,
				CB64D94B1ED6449100EBCDF3 /* Release */,
			);
			defaultConfigurationIsVisible = 0;
			defaultConfigurationName = Release;
		};
		CB64D94C1ED6449100EBCDF3 /* Build configuration list for PBXNativeTarget "FifthTestApp" */ = {
			isa = XCConfigurationList;
			buildConfigurations = (
				CB64D94D1ED6449100EBCDF3 /* Debug */,
				CB64D94E1ED6449100EBCDF3 /* Release */,
			);
			defaultConfigurationIsVisible = 0;
		};
		CB64D94F1ED6449100EBCDF3 /* Build configuration list for PBXNativeTarget "FifthTestAppTests" */ = {
			isa = XCConfigurationList;
			buildConfigurations = (
				CB64D9501ED6449100EBCDF3 /* Debug */,
				CB64D9511ED6449100EBCDF3 /* Release */,
			);
			defaultConfigurationIsVisible = 0;
		};
		CB64D9521ED6449100EBCDF3 /* Build configuration list for PBXNativeTarget "FifthTestAppUITests" */ = {
			isa = XCConfigurationList;
			buildConfigurations = (
				CB64D9531ED6449100EBCDF3 /* Debug */,
				CB64D9541ED6449100EBCDF3 /* Release */,
			);
			defaultConfigurationIsVisible = 0;
		};
/* End XCConfigurationList section */
	};
	rootObject = CB64D91C1ED6449100EBCDF3 /* Project object */;
}
